
Microsoft Visual Studio Solution File, Format Version 12.00
# Visual Studio 15
VisualStudioVersion = 15.0.26730.12
MinimumVisualStudioVersion = 10.0.40219.1
Project("{FAE04EC0-301F-11D3-BF4B-00C04F79EFBC}") = "Evidence_server", "Evidence_server\Evidence_server.csproj", "{B39003F9-9799-4DF6-B1C0-1096BE8B8426}"
EndProject
Global
	GlobalSection(SolutionConfigurationPlatforms) = preSolution
		Debug|Any CPU = Debug|Any CPU
		Release|Any CPU = Release|Any CPU
	EndGlobalSection
	GlobalSection(ProjectConfigurationPlatforms) = postSolution
		{B39003F9-9799-4DF6-B1C0-1096BE8B8426}.Debug|Any CPU.ActiveCfg = Debug|Any CPU
		{B39003F9-9799-4DF6-B1C0-1096BE8B8426}.Debug|Any CPU.Build.0 = Debug|Any CPU
		{B39003F9-9799-4DF6-B1C0-1096BE8B8426}.Release|Any CPU.ActiveCfg = Release|Any CPU
		{B39003F9-9799-4DF6-B1C0-1096BE8B8426}.Release|Any CPU.Build.0 = Release|Any CPU
	EndGlobalSection
	GlobalSection(SolutionProperties) = preSolution
		HideSolutionNode = FALSE
	EndGlobalSection
	GlobalSection(ExtensibilityGlobals) = postSolution
		SolutionGuid = {F514C82E-0805-4294-ADF1-4AD5452BDB8D}
	EndGlobalSection
EndGlobal
